
Microsoft Visual Studio Solution File, Format Version 12.00
# Visual Studio Version 17
VisualStudioVersion = 17.1.32210.238
MinimumVisualStudioVersion = 10.0.40219.1
Project("{9A19103F-16F7-4668-BE54-9A1E7A4F7556}") = "OOP_Giris", "OOP_Giris\OOP_Giris.csproj", "{3C7DF489-0C71-4690-B32D-00043CF7252C}"
EndProject
Project("{9A19103F-16F7-4668-BE54-9A1E7A4F7556}") = "ReferansTip", "ReferansTip\ReferansTip.csproj", "{5C1256DB-F755-49A3-9A0E-7DB52C27BAC6}"
EndProject
Project("{9A19103F-16F7-4668-BE54-9A1E7A4F7556}") = "objectInitializer", "objectInitializer\objectInitializer.csproj", "{60884985-3C6A-49D6-AF6E-82206C9401A8}"
EndProject
Project("{9A19103F-16F7-4668-BE54-9A1E7A4F7556}") = "NesneKopyalamaIslemi", "NesneKopyalamaIslemi\NesneKopyalamaIslemi.csproj", "{400EB0C0-8241-44E2-8C66-5FACA84351BB}"
EndProject
Project("{9A19103F-16F7-4668-BE54-9A1E7A4F7556}") = "EncapsulationNimeti", "EncapsulationNimeti\EncapsulationNimeti.csproj", "{17967C34-C5C4-42C0-8A8E-81BEEFB26CEA}"
EndProject
Project("{9A19103F-16F7-4668-BE54-9A1E7A4F7556}") = "Records", "Records\Records.csproj", "{BB05B36A-2CFF-4A8D-89F6-28A573DC2E12}"
EndProject
Project("{9A19103F-16F7-4668-BE54-9A1E7A4F7556}") = "ConstructorMetot", "ConstructorMetot\ConstructorMetot.csproj", "{8166EBCD-9447-45A0-9006-EFFCA3B4C7BE}"
EndProject
Project("{9A19103F-16F7-4668-BE54-9A1E7A4F7556}") = "Destructor", "Destructor\Destructor.csproj", "{BDCF20B7-A32E-4C88-AFCE-875D97E909BB}"
EndProject
Project("{9A19103F-16F7-4668-BE54-9A1E7A4F7556}") = "classMembers", "classMembers\classMembers.csproj", "{3B9330F0-5F64-4246-927B-01FC3926A7F0}"
EndProject
Project("{2150E333-8FDC-42A3-9474-1A3956D46DE8}") = "OOP_Tekrar", "OOP_Tekrar", "{D69F6967-2AA8-4A10-8ED9-A1E6894EE99C}"
EndProject
Project("{9A19103F-16F7-4668-BE54-9A1E7A4F7556}") = "classMembersTekrar", "classMembersTekrar\classMembersTekrar.csproj", "{7D1A635A-5FD7-43FB-BB83-3D1672B019BE}"
EndProject
Project("{9A19103F-16F7-4668-BE54-9A1E7A4F7556}") = "kopyalamaTekrar", "kopyalamaTekrar\kopyalamaTekrar.csproj", "{8B30ED0B-A8B2-4364-8E37-0BDE06B07313}"
EndProject
Project("{9A19103F-16F7-4668-BE54-9A1E7A4F7556}") = "DeconstructOzelMetot", "DeconstructOzelMetot\DeconstructOzelMetot.csproj", "{3311CCDB-ED26-442D-AF65-505004F65F95}"
EndProject
Project("{9A19103F-16F7-4668-BE54-9A1E7A4F7556}") = "StaticCtor(SingletionDesingPattern)", "StaticCtor(SingletionDesingPattern)\StaticCtor(SingletionDesingPattern).csproj", "{FB4F0299-87A6-4AB2-ACDE-0779F74D484A}"
EndProject
Project("{9A19103F-16F7-4668-BE54-9A1E7A4F7556}") = "PositionalRecord", "PositionalRecord\PositionalRecord.csproj", "{D719A2B6-920A-4BAF-8967-235B2A5345BE}"
EndProject
Project("{9A19103F-16F7-4668-BE54-9A1E7A4F7556}") = "Inheritiance(Kalıtım)", "Inheritiance(Kalıtım)\Inheritiance(Kalıtım).csproj", "{55A0D790-9CCB-40D9-80D6-B58F6F3D30BC}"
EndProject
Project("{9A19103F-16F7-4668-BE54-9A1E7A4F7556}") = "Kalıtım2", "Kalıtım2\Kalıtım2.csproj", "{BF896D2A-DCC0-4C92-B77F-B1E66EDBA420}"
EndProject
Project("{9A19103F-16F7-4668-BE54-9A1E7A4F7556}") = "Kalitim3", "Kalitim3\Kalitim3.csproj", "{51A1A11C-D70F-462E-B367-BDA2CE8C78A3}"
EndProject
Project("{9A19103F-16F7-4668-BE54-9A1E7A4F7556}") = "Kalitim4", "Kalitim4\Kalitim4.csproj", "{3D8BE472-C167-48DA-B516-A2B60FB5B020}"
EndProject
Project("{9A19103F-16F7-4668-BE54-9A1E7A4F7556}") = "SanalYapılar(Virual-Override)", "SanalYapılar(Virual-Override)\SanalYapılar(Virual-Override).csproj", "{81DD553B-65B2-483E-BF87-D69957E8F701}"
EndProject
Project("{9A19103F-16F7-4668-BE54-9A1E7A4F7556}") = "CoderByte2", "CoderByte2\CoderByte2.csproj", "{0634193D-03EE-44BF-8A84-7784A7F48829}"
EndProject
Project("{9A19103F-16F7-4668-BE54-9A1E7A4F7556}") = "SanalYapılar2", "SanalYapılar2\SanalYapılar2.csproj", "{43DF962D-757A-44AC-B2EA-1B4582AEB8E2}"
EndProject
Project("{9A19103F-16F7-4668-BE54-9A1E7A4F7556}") = "Sanal3", "Sanal3\Sanal3.csproj", "{DCCB8C66-4DED-45DD-9591-CFA5820AFF03}"
EndProject
Project("{9A19103F-16F7-4668-BE54-9A1E7A4F7556}") = "Polimorfizm", "Polimorfizm\Polimorfizm.csproj", "{599E6A42-BD87-4F92-8FDD-73D22924D334}"
EndProject
Project("{9A19103F-16F7-4668-BE54-9A1E7A4F7556}") = "OOPtekrarın tekrarı", "OOPtekrarın tekrarı\OOPtekrarın tekrarı.csproj", "{CE6011E4-AA9F-4721-95D5-B33E9AE29F47}"
EndProject
Project("{9A19103F-16F7-4668-BE54-9A1E7A4F7556}") = "ClassMembers2", "ClassMembers2\ClassMembers2.csproj", "{A5E1FFBF-5948-438C-8004-C3916113AE82}"
EndProject
Project("{9A19103F-16F7-4668-BE54-9A1E7A4F7556}") = "Kalıtım2Tekrar", "Kalıtım2Tekrar\Kalıtım2Tekrar.csproj", "{097B3F03-5252-4E04-900C-6D09E422ED61}"
EndProject
Global
	GlobalSection(SolutionConfigurationPlatforms) = preSolution
		Debug|Any CPU = Debug|Any CPU
		Release|Any CPU = Release|Any CPU
	EndGlobalSection
	GlobalSection(ProjectConfigurationPlatforms) = postSolution
		{3C7DF489-0C71-4690-B32D-00043CF7252C}.Debug|Any CPU.ActiveCfg = Debug|Any CPU
		{3C7DF489-0C71-4690-B32D-00043CF7252C}.Debug|Any CPU.Build.0 = Debug|Any CPU
		{3C7DF489-0C71-4690-B32D-00043CF7252C}.Release|Any CPU.ActiveCfg = Release|Any CPU
		{3C7DF489-0C71-4690-B32D-00043CF7252C}.Release|Any CPU.Build.0 = Release|Any CPU
		{5C1256DB-F755-49A3-9A0E-7DB52C27BAC6}.Debug|Any CPU.ActiveCfg = Debug|Any CPU
		{5C1256DB-F755-49A3-9A0E-7DB52C27BAC6}.Debug|Any CPU.Build.0 = Debug|Any CPU
		{5C1256DB-F755-49A3-9A0E-7DB52C27BAC6}.Release|Any CPU.ActiveCfg = Release|Any CPU
		{5C1256DB-F755-49A3-9A0E-7DB52C27BAC6}.Release|Any CPU.Build.0 = Release|Any CPU
		{60884985-3C6A-49D6-AF6E-82206C9401A8}.Debug|Any CPU.ActiveCfg = Debug|Any CPU
		{60884985-3C6A-49D6-AF6E-82206C9401A8}.Debug|Any CPU.Build.0 = Debug|Any CPU
		{60884985-3C6A-49D6-AF6E-82206C9401A8}.Release|Any CPU.ActiveCfg = Release|Any CPU
		{60884985-3C6A-49D6-AF6E-82206C9401A8}.Release|Any CPU.Build.0 = Release|Any CPU
		{400EB0C0-8241-44E2-8C66-5FACA84351BB}.Debug|Any CPU.ActiveCfg = Debug|Any CPU
		{400EB0C0-8241-44E2-8C66-5FACA84351BB}.Debug|Any CPU.Build.0 = Debug|Any CPU
		{400EB0C0-8241-44E2-8C66-5FACA84351BB}.Release|Any CPU.ActiveCfg = Release|Any CPU
		{400EB0C0-8241-44E2-8C66-5FACA84351BB}.Release|Any CPU.Build.0 = Release|Any CPU
		{17967C34-C5C4-42C0-8A8E-81BEEFB26CEA}.Debug|Any CPU.ActiveCfg = Debug|Any CPU
		{17967C34-C5C4-42C0-8A8E-81BEEFB26CEA}.Debug|Any CPU.Build.0 = Debug|Any CPU
		{17967C34-C5C4-42C0-8A8E-81BEEFB26CEA}.Release|Any CPU.ActiveCfg = Release|Any CPU
		{17967C34-C5C4-42C0-8A8E-81BEEFB26CEA}.Release|Any CPU.Build.0 = Release|Any CPU
		{BB05B36A-2CFF-4A8D-89F6-28A573DC2E12}.Debug|Any CPU.ActiveCfg = Debug|Any CPU
		{BB05B36A-2CFF-4A8D-89F6-28A573DC2E12}.Debug|Any CPU.Build.0 = Debug|Any CPU
		{BB05B36A-2CFF-4A8D-89F6-28A573DC2E12}.Release|Any CPU.ActiveCfg = Release|Any CPU
		{BB05B36A-2CFF-4A8D-89F6-28A573DC2E12}.Release|Any CPU.Build.0 = Release|Any CPU
		{8166EBCD-9447-45A0-9006-EFFCA3B4C7BE}.Debug|Any CPU.ActiveCfg = Debug|Any CPU
		{8166EBCD-9447-45A0-9006-EFFCA3B4C7BE}.Debug|Any CPU.Build.0 = Debug|Any CPU
		{8166EBCD-9447-45A0-9006-EFFCA3B4C7BE}.Release|Any CPU.ActiveCfg = Release|Any CPU
		{8166EBCD-9447-45A0-9006-EFFCA3B4C7BE}.Release|Any CPU.Build.0 = Release|Any CPU
		{BDCF20B7-A32E-4C88-AFCE-875D97E909BB}.Debug|Any CPU.ActiveCfg = Debug|Any CPU
		{BDCF20B7-A32E-4C88-AFCE-875D97E909BB}.Debug|Any CPU.Build.0 = Debug|Any CPU
		{BDCF20B7-A32E-4C88-AFCE-875D97E909BB}.Release|Any CPU.ActiveCfg = Release|Any CPU
		{BDCF20B7-A32E-4C88-AFCE-875D97E909BB}.Release|Any CPU.Build.0 = Release|Any CPU
		{3B9330F0-5F64-4246-927B-01FC3926A7F0}.Debug|Any CPU.ActiveCfg = Debug|Any CPU
		{3B9330F0-5F64-4246-927B-01FC3926A7F0}.Debug|Any CPU.Build.0 = Debug|Any CPU
		{3B9330F0-5F64-4246-927B-01FC3926A7F0}.Release|Any CPU.ActiveCfg = Release|Any CPU
		{3B9330F0-5F64-4246-927B-01FC3926A7F0}.Release|Any CPU.Build.0 = Release|Any CPU
		{7D1A635A-5FD7-43FB-BB83-3D1672B019BE}.Debug|Any CPU.ActiveCfg = Debug|Any CPU
		{7D1A635A-5FD7-43FB-BB83-3D1672B019BE}.Debug|Any CPU.Build.0 = Debug|Any CPU
		{7D1A635A-5FD7-43FB-BB83-3D1672B019BE}.Release|Any CPU.ActiveCfg = Release|Any CPU
		{7D1A635A-5FD7-43FB-BB83-3D1672B019BE}.Release|Any CPU.Build.0 = Release|Any CPU
		{8B30ED0B-A8B2-4364-8E37-0BDE06B07313}.Debug|Any CPU.ActiveCfg = Debug|Any CPU
		{8B30ED0B-A8B2-4364-8E37-0BDE06B07313}.Debug|Any CPU.Build.0 = Debug|Any CPU
		{8B30ED0B-A8B2-4364-8E37-0BDE06B07313}.Release|Any CPU.ActiveCfg = Release|Any CPU
		{8B30ED0B-A8B2-4364-8E37-0BDE06B07313}.Release|Any CPU.Build.0 = Release|Any CPU
		{3311CCDB-ED26-442D-AF65-505004F65F95}.Debug|Any CPU.ActiveCfg = Debug|Any CPU
		{3311CCDB-ED26-442D-AF65-505004F65F95}.Debug|Any CPU.Build.0 = Debug|Any CPU
		{3311CCDB-ED26-442D-AF65-505004F65F95}.Release|Any CPU.ActiveCfg = Release|Any CPU
		{3311CCDB-ED26-442D-AF65-505004F65F95}.Release|Any CPU.Build.0 = Release|Any CPU
		{FB4F0299-87A6-4AB2-ACDE-0779F74D484A}.Debug|Any CPU.ActiveCfg = Debug|Any CPU
		{FB4F0299-87A6-4AB2-ACDE-0779F74D484A}.Debug|Any CPU.Build.0 = Debug|Any CPU
		{FB4F0299-87A6-4AB2-ACDE-0779F74D484A}.Release|Any CPU.ActiveCfg = Release|Any CPU
		{FB4F0299-87A6-4AB2-ACDE-0779F74D484A}.Release|Any CPU.Build.0 = Release|Any CPU
		{D719A2B6-920A-4BAF-8967-235B2A5345BE}.Debug|Any CPU.ActiveCfg = Debug|Any CPU
		{D719A2B6-920A-4BAF-8967-235B2A5345BE}.Debug|Any CPU.Build.0 = Debug|Any CPU
		{D719A2B6-920A-4BAF-8967-235B2A5345BE}.Release|Any CPU.ActiveCfg = Release|Any CPU
		{D719A2B6-920A-4BAF-8967-235B2A5345BE}.Release|Any CPU.Build.0 = Release|Any CPU
		{55A0D790-9CCB-40D9-80D6-B58F6F3D30BC}.Debug|Any CPU.ActiveCfg = Debug|Any CPU
		{55A0D790-9CCB-40D9-80D6-B58F6F3D30BC}.Debug|Any CPU.Build.0 = Debug|Any CPU
		{55A0D790-9CCB-40D9-80D6-B58F6F3D30BC}.Release|Any CPU.ActiveCfg = Release|Any CPU
		{55A0D790-9CCB-40D9-80D6-B58F6F3D30BC}.Release|Any CPU.Build.0 = Release|Any CPU
		{BF896D2A-DCC0-4C92-B77F-B1E66EDBA420}.Debug|Any CPU.ActiveCfg = Debug|Any CPU
		{BF896D2A-DCC0-4C92-B77F-B1E66EDBA420}.Debug|Any CPU.Build.0 = Debug|Any CPU
		{BF896D2A-DCC0-4C92-B77F-B1E66EDBA420}.Release|Any CPU.ActiveCfg = Release|Any CPU
		{BF896D2A-DCC0-4C92-B77F-B1E66EDBA420}.Release|Any CPU.Build.0 = Release|Any CPU
		{51A1A11C-D70F-462E-B367-BDA2CE8C78A3}.Debug|Any CPU.ActiveCfg = Debug|Any CPU
		{51A1A11C-D70F-462E-B367-BDA2CE8C78A3}.Debug|Any CPU.Build.0 = Debug|Any CPU
		{51A1A11C-D70F-462E-B367-BDA2CE8C78A3}.Release|Any CPU.ActiveCfg = Release|Any CPU
		{51A1A11C-D70F-462E-B367-BDA2CE8C78A3}.Release|Any CPU.Build.0 = Release|Any CPU
		{3D8BE472-C167-48DA-B516-A2B60FB5B020}.Debug|Any CPU.ActiveCfg = Debug|Any CPU
		{3D8BE472-C167-48DA-B516-A2B60FB5B020}.Debug|Any CPU.Build.0 = Debug|Any CPU
		{3D8BE472-C167-48DA-B516-A2B60FB5B020}.Release|Any CPU.ActiveCfg = Release|Any CPU
		{3D8BE472-C167-48DA-B516-A2B60FB5B020}.Release|Any CPU.Build.0 = Release|Any CPU
		{81DD553B-65B2-483E-BF87-D69957E8F701}.Debug|Any CPU.ActiveCfg = Debug|Any CPU
		{81DD553B-65B2-483E-BF87-D69957E8F701}.Debug|Any CPU.Build.0 = Debug|Any CPU
		{81DD553B-65B2-483E-BF87-D69957E8F701}.Release|Any CPU.ActiveCfg = Release|Any CPU
		{81DD553B-65B2-483E-BF87-D69957E8F701}.Release|Any CPU.Build.0 = Release|Any CPU
		{0634193D-03EE-44BF-8A84-7784A7F48829}.Debug|Any CPU.ActiveCfg = Debug|Any CPU
		{0634193D-03EE-44BF-8A84-7784A7F48829}.Debug|Any CPU.Build.0 = Debug|Any CPU
		{0634193D-03EE-44BF-8A84-7784A7F48829}.Release|Any CPU.ActiveCfg = Release|Any CPU
		{0634193D-03EE-44BF-8A84-7784A7F48829}.Release|Any CPU.Build.0 = Release|Any CPU
		{43DF962D-757A-44AC-B2EA-1B4582AEB8E2}.Debug|Any CPU.ActiveCfg = Debug|Any CPU
		{43DF962D-757A-44AC-B2EA-1B4582AEB8E2}.Debug|Any CPU.Build.0 = Debug|Any CPU
		{43DF962D-757A-44AC-B2EA-1B4582AEB8E2}.Release|Any CPU.ActiveCfg = Release|Any CPU
		{43DF962D-757A-44AC-B2EA-1B4582AEB8E2}.Release|Any CPU.Build.0 = Release|Any CPU
		{DCCB8C66-4DED-45DD-9591-CFA5820AFF03}.Debug|Any CPU.ActiveCfg = Debug|Any CPU
		{DCCB8C66-4DED-45DD-9591-CFA5820AFF03}.Debug|Any CPU.Build.0 = Debug|Any CPU
		{DCCB8C66-4DED-45DD-9591-CFA5820AFF03}.Release|Any CPU.ActiveCfg = Release|Any CPU
		{DCCB8C66-4DED-45DD-9591-CFA5820AFF03}.Release|Any CPU.Build.0 = Release|Any CPU
		{599E6A42-BD87-4F92-8FDD-73D22924D334}.Debug|Any CPU.ActiveCfg = Debug|Any CPU
		{599E6A42-BD87-4F92-8FDD-73D22924D334}.Debug|Any CPU.Build.0 = Debug|Any CPU
		{599E6A42-BD87-4F92-8FDD-73D22924D334}.Release|Any CPU.ActiveCfg = Release|Any CPU
		{599E6A42-BD87-4F92-8FDD-73D22924D334}.Release|Any CPU.Build.0 = Release|Any CPU
		{CE6011E4-AA9F-4721-95D5-B33E9AE29F47}.Debug|Any CPU.ActiveCfg = Debug|Any CPU
		{CE6011E4-AA9F-4721-95D5-B33E9AE29F47}.Debug|Any CPU.Build.0 = Debug|Any CPU
		{CE6011E4-AA9F-4721-95D5-B33E9AE29F47}.Release|Any CPU.ActiveCfg = Release|Any CPU
		{CE6011E4-AA9F-4721-95D5-B33E9AE29F47}.Release|Any CPU.Build.0 = Release|Any CPU
		{A5E1FFBF-5948-438C-8004-C3916113AE82}.Debug|Any CPU.ActiveCfg = Debug|Any CPU
		{A5E1FFBF-5948-438C-8004-C3916113AE82}.Debug|Any CPU.Build.0 = Debug|Any CPU
		{A5E1FFBF-5948-438C-8004-C3916113AE82}.Release|Any CPU.ActiveCfg = Release|Any CPU
		{A5E1FFBF-5948-438C-8004-C3916113AE82}.Release|Any CPU.Build.0 = Release|Any CPU
		{097B3F03-5252-4E04-900C-6D09E422ED61}.Debug|Any CPU.ActiveCfg = Debug|Any CPU
		{097B3F03-5252-4E04-900C-6D09E422ED61}.Debug|Any CPU.Build.0 = Debug|Any CPU
		{097B3F03-5252-4E04-900C-6D09E422ED61}.Release|Any CPU.ActiveCfg = Release|Any CPU
		{097B3F03-5252-4E04-900C-6D09E422ED61}.Release|Any CPU.Build.0 = Release|Any CPU
	EndGlobalSection
	GlobalSection(SolutionProperties) = preSolution
		HideSolutionNode = FALSE
	EndGlobalSection
	GlobalSection(NestedProjects) = preSolution
		{7D1A635A-5FD7-43FB-BB83-3D1672B019BE} = {D69F6967-2AA8-4A10-8ED9-A1E6894EE99C}
		{8B30ED0B-A8B2-4364-8E37-0BDE06B07313} = {D69F6967-2AA8-4A10-8ED9-A1E6894EE99C}
		{CE6011E4-AA9F-4721-95D5-B33E9AE29F47} = {D69F6967-2AA8-4A10-8ED9-A1E6894EE99C}
	EndGlobalSection
	GlobalSection(ExtensibilityGlobals) = postSolution
		SolutionGuid = {40505F97-1660-49F8-9636-4BE20834406D}
	EndGlobalSection
EndGlobal
